{
  "name": "quadqueryapp_nejah_ouerdani",
  "version": "1.0.0",
  "lockfileVersion": 3,
  "requires": true,
  "packages": {
    "": {
      "name": "quadqueryapp_nejah_ouerdani",
      "version": "1.0.0",
      "license": "ISC",
      "dependencies": {
        "mithril": "^2.2.11"
      }
    },
    "node_modules/mithril": {
      "version": "2.2.11",
      "resolved": "https://registry.npmjs.org/mithril/-/mithril-2.2.11.tgz",
      "integrity": "sha512-l7WOWzoc4m6QILj5Ft/uVlZ849h2zt53flbZdG9oLkP3OzitJrgLyoa1YRaGPvQuV5zfaIXVu7/o5zikoh/c6w==",
      "license": "MIT"
    }
  }
}
